
Microsoft Visual Studio Solution File, Format Version 12.00
# Visual Studio Version 17
VisualStudioVersion = 17.7.34024.191
MinimumVisualStudioVersion = 10.0.40219.1
Project("{8BC9CEB8-8B4A-11D0-8D11-00A0C91BC942}") = "лаба 10", "лаба 10\лаба 10.vcxproj", "{77684429-7A89-4576-BCFD-D07CBBAAA964}"
EndProject
Project("{2150E333-8FDC-42A3-9474-1A3956D46DE8}") = "Элементы решения", "Элементы решения", "{6A2182B0-946D-4203-AF71-8AA0E0CF38F4}"
	ProjectSection(SolutionItems) = preProject
		inp.txt = inp.txt
	EndProjectSection
EndProject
Global
	GlobalSection(SolutionConfigurationPlatforms) = preSolution
		Debug|x64 = Debug|x64
		Debug|x86 = Debug|x86
		Release|x64 = Release|x64
		Release|x86 = Release|x86
	EndGlobalSection
	GlobalSection(ProjectConfigurationPlatforms) = postSolution
		{77684429-7A89-4576-BCFD-D07CBBAAA964}.Debug|x64.ActiveCfg = Debug|x64
		{77684429-7A89-4576-BCFD-D07CBBAAA964}.Debug|x64.Build.0 = Debug|x64
		{77684429-7A89-4576-BCFD-D07CBBAAA964}.Debug|x86.ActiveCfg = Debug|Win32
		{77684429-7A89-4576-BCFD-D07CBBAAA964}.Debug|x86.Build.0 = Debug|Win32
		{77684429-7A89-4576-BCFD-D07CBBAAA964}.Release|x64.ActiveCfg = Release|x64
		{77684429-7A89-4576-BCFD-D07CBBAAA964}.Release|x64.Build.0 = Release|x64
		{77684429-7A89-4576-BCFD-D07CBBAAA964}.Release|x86.ActiveCfg = Release|Win32
		{77684429-7A89-4576-BCFD-D07CBBAAA964}.Release|x86.Build.0 = Release|Win32
	EndGlobalSection
	GlobalSection(SolutionProperties) = preSolution
		HideSolutionNode = FALSE
	EndGlobalSection
	GlobalSection(ExtensibilityGlobals) = postSolution
		SolutionGuid = {6D3065BF-FC3E-40CC-99A2-541BDAAC516C}
	EndGlobalSection
EndGlobal
